
Microsoft Visual Studio Solution File, Format Version 12.00
# Visual Studio Version 17
VisualStudioVersion = 17.0.31903.59
MinimumVisualStudioVersion = 10.0.40219.1
Project("{FAE04EC0-301F-11D3-BF4B-00C04F79EFBC}") = "Projeto360.Dominio", "Projeto360.Dominio\Projeto360.Dominio.csproj", "{578C3333-A664-4AED-B4D1-6B8631467FBE}"
EndProject
Project("{FAE04EC0-301F-11D3-BF4B-00C04F79EFBC}") = "Projeto360.Repositorio", "Projeto360.Repositorio\Projeto360.Repositorio.csproj", "{1B4DA86E-B91A-40F9-8EAD-16572B1D97EA}"
EndProject
Project("{FAE04EC0-301F-11D3-BF4B-00C04F79EFBC}") = "Projeto360.Aplicacao", "Projeto360.Aplicacao\Projeto360.Aplicacao.csproj", "{666AA2AC-93F1-466B-A338-543DDB52BD27}"
EndProject
Project("{FAE04EC0-301F-11D3-BF4B-00C04F79EFBC}") = "Projeto360.Api", "Projeto360.Api\Projeto360.Api.csproj", "{F8E534E6-1A13-4CC1-ABE4-CDDF9A628F62}"
EndProject
Project("{FAE04EC0-301F-11D3-BF4B-00C04F79EFBC}") = "Projeto360.Servicos", "Projeto360.Servicos\Projeto360.Servicos.csproj", "{E53B1D6E-0979-49D6-B827-A4A6981FF98F}"
EndProject
Global
	GlobalSection(SolutionConfigurationPlatforms) = preSolution
		Debug|Any CPU = Debug|Any CPU
		Release|Any CPU = Release|Any CPU
	EndGlobalSection
	GlobalSection(SolutionProperties) = preSolution
		HideSolutionNode = FALSE
	EndGlobalSection
	GlobalSection(ProjectConfigurationPlatforms) = postSolution
		{578C3333-A664-4AED-B4D1-6B8631467FBE}.Debug|Any CPU.ActiveCfg = Debug|Any CPU
		{578C3333-A664-4AED-B4D1-6B8631467FBE}.Debug|Any CPU.Build.0 = Debug|Any CPU
		{578C3333-A664-4AED-B4D1-6B8631467FBE}.Release|Any CPU.ActiveCfg = Release|Any CPU
		{578C3333-A664-4AED-B4D1-6B8631467FBE}.Release|Any CPU.Build.0 = Release|Any CPU
		{1B4DA86E-B91A-40F9-8EAD-16572B1D97EA}.Debug|Any CPU.ActiveCfg = Debug|Any CPU
		{1B4DA86E-B91A-40F9-8EAD-16572B1D97EA}.Debug|Any CPU.Build.0 = Debug|Any CPU
		{1B4DA86E-B91A-40F9-8EAD-16572B1D97EA}.Release|Any CPU.ActiveCfg = Release|Any CPU
		{1B4DA86E-B91A-40F9-8EAD-16572B1D97EA}.Release|Any CPU.Build.0 = Release|Any CPU
		{666AA2AC-93F1-466B-A338-543DDB52BD27}.Debug|Any CPU.ActiveCfg = Debug|Any CPU
		{666AA2AC-93F1-466B-A338-543DDB52BD27}.Debug|Any CPU.Build.0 = Debug|Any CPU
		{666AA2AC-93F1-466B-A338-543DDB52BD27}.Release|Any CPU.ActiveCfg = Release|Any CPU
		{666AA2AC-93F1-466B-A338-543DDB52BD27}.Release|Any CPU.Build.0 = Release|Any CPU
		{F8E534E6-1A13-4CC1-ABE4-CDDF9A628F62}.Debug|Any CPU.ActiveCfg = Debug|Any CPU
		{F8E534E6-1A13-4CC1-ABE4-CDDF9A628F62}.Debug|Any CPU.Build.0 = Debug|Any CPU
		{F8E534E6-1A13-4CC1-ABE4-CDDF9A628F62}.Release|Any CPU.ActiveCfg = Release|Any CPU
		{F8E534E6-1A13-4CC1-ABE4-CDDF9A628F62}.Release|Any CPU.Build.0 = Release|Any CPU
		{E53B1D6E-0979-49D6-B827-A4A6981FF98F}.Debug|Any CPU.ActiveCfg = Debug|Any CPU
		{E53B1D6E-0979-49D6-B827-A4A6981FF98F}.Debug|Any CPU.Build.0 = Debug|Any CPU
		{E53B1D6E-0979-49D6-B827-A4A6981FF98F}.Release|Any CPU.ActiveCfg = Release|Any CPU
		{E53B1D6E-0979-49D6-B827-A4A6981FF98F}.Release|Any CPU.Build.0 = Release|Any CPU
	EndGlobalSection
EndGlobal
